
Microsoft Visual Studio Solution File, Format Version 12.00
# Visual Studio Version 17
VisualStudioVersion = 17.3.32929.385
MinimumVisualStudioVersion = 10.0.40219.1
Project("{FAE04EC0-301F-11D3-BF4B-00C04F79EFBC}") = "App1", "App1\App1.csproj", "{09BC6EAA-E24F-470E-8A8E-617C1109086A}"
EndProject
Global
	GlobalSection(SolutionConfigurationPlatforms) = preSolution
		Debug|Any CPU = Debug|Any CPU
		Release|Any CPU = Release|Any CPU
	EndGlobalSection
	GlobalSection(ProjectConfigurationPlatforms) = postSolution
		{09BC6EAA-E24F-470E-8A8E-617C1109086A}.Debug|Any CPU.ActiveCfg = Debug|Any CPU
		{09BC6EAA-E24F-470E-8A8E-617C1109086A}.Debug|Any CPU.Build.0 = Debug|Any CPU
		{09BC6EAA-E24F-470E-8A8E-617C1109086A}.Release|Any CPU.ActiveCfg = Release|Any CPU
		{09BC6EAA-E24F-470E-8A8E-617C1109086A}.Release|Any CPU.Build.0 = Release|Any CPU
	EndGlobalSection
	GlobalSection(SolutionProperties) = preSolution
		HideSolutionNode = FALSE
	EndGlobalSection
	GlobalSection(ExtensibilityGlobals) = postSolution
		SolutionGuid = {EF8497A7-1633-4F49-B10D-0A6E717607C1}
	EndGlobalSection
EndGlobal
